<?xml version="1.0" encoding="utf-8"?>
<Project ToolsVersion="4.0" xmlns="http://schemas.microsoft.com/developer/msbuild/2003">
  <ItemGroup>
    <Filter Include="资源文件">
      <UniqueIdentifier>{67DA6AB6-F800-4c08-8B7A-83BB121AAD01}</UniqueIdentifier>
      <Extensions>rc;ico;cur;bmp;dlg;rc2;rct;bin;rgs;gif;jpg;jpeg;jpe;resx;tiff;tif;png;wav;mfcribbon-ms</Extensions>
    </Filter>
    <Filter Include="core">
      <UniqueIdentifier>{407fc86f-35b2-4f1f-967b-6b33412ad0a9}</UniqueIdentifier>
    </Filter>
    <Filter Include="utils">
      <UniqueIdentifier>{80903aa1-946e-458b-abe4-e21bb56805f8}</UniqueIdentifier>
    </Filter>
    <Filter Include="utils\window">
      <UniqueIdentifier>{fed33bf7-4cfb-4e49-b6f6-ffe9a2fa0438}</UniqueIdentifier>
    </Filter>
    <Filter Include="utils\registry">
      <UniqueIdentifier>{1a83f026-e4cd-4dbd-aa9e-4a1fc15ad264}</UniqueIdentifier>
    </Filter>
    <Filter Include="layout">
      <UniqueIdentifier>{7497e7bc-61b3-4628-b74f-8ae9dd0d3c6f}</UniqueIdentifier>
    </Filter>
    <Filter Include="core\gdiplus_ext">
      <UniqueIdentifier>{8b062f5f-cf11-46be-aba0-ad3a07fbdfa5}</UniqueIdentifier>
    </Filter>
    <Filter Include="interface">
      <UniqueIdentifier>{951f18ce-3135-467c-b756-7a868151ca17}</UniqueIdentifier>
    </Filter>
    <Filter Include="utils\com">
      <UniqueIdentifier>{badeb85c-8633-4c8e-9e27-102385331143}</UniqueIdentifier>
    </Filter>
    <Filter Include="utils\mutliTree">
      <UniqueIdentifier>{db5ef497-aee9-49be-b936-3cfbdcdf3307}</UniqueIdentifier>
    </Filter>
  </ItemGroup>
  <ItemGroup>
    <ClCompile Include="core\process.cpp">
      <Filter>core</Filter>
    </ClCompile>
    <ClCompile Include="core\render.cpp">
      <Filter>core</Filter>
    </ClCompile>
    <ClCompile Include="core\gdiplus_ext\doubleBuffer.cpp">
      <Filter>core\gdiplus_ext</Filter>
    </ClCompile>
    <ClCompile Include="utils\windowCompositionAttribute.cpp">
      <Filter>utils\window</Filter>
    </ClCompile>
    <ClCompile Include="utils\registry.cpp">
      <Filter>utils\registry</Filter>
    </ClCompile>
    <ClCompile Include="utils\interface.cpp">
      <Filter>utils</Filter>
    </ClCompile>
    <ClCompile Include="test.cpp">
      <Filter>layout</Filter>
    </ClCompile>
    <ClCompile Include="ExplorerNext.cpp" />
    <ClCompile Include="utils\com\initialize.cpp">
      <Filter>utils\com</Filter>
    </ClCompile>
    <ClCompile Include="utils\mutliTree.cpp">
      <Filter>utils\mutliTree</Filter>
    </ClCompile>
    <ClCompile Include="core\logic.cpp">
      <Filter>core</Filter>
    </ClCompile>
    <ClCompile Include="utils\com\audio.cpp">
      <Filter>utils\com</Filter>
    </ClCompile>
    <ClCompile Include="layout\default.cpp" />
  </ItemGroup>
  <ItemGroup>
    <ClInclude Include="core\process.h">
      <Filter>core</Filter>
    </ClInclude>
    <ClInclude Include="core\render.h">
      <Filter>core</Filter>
    </ClInclude>
    <ClInclude Include="interface\render.h">
      <Filter>interface</Filter>
    </ClInclude>
    <ClInclude Include="core\gdiplus_ext\doubleBuffer.h">
      <Filter>core\gdiplus_ext</Filter>
    </ClInclude>
    <ClInclude Include="utils\windowCompositionAttribute.h">
      <Filter>utils\window</Filter>
    </ClInclude>
    <ClInclude Include="utils\registry.h">
      <Filter>utils\registry</Filter>
    </ClInclude>
    <ClInclude Include="utils\interface.h">
      <Filter>utils</Filter>
    </ClInclude>
    <ClInclude Include="test.h">
      <Filter>layout</Filter>
    </ClInclude>
    <ClInclude Include="ExplorerNext.h" />
    <ClInclude Include="general.h">
      <Filter>interface</Filter>
    </ClInclude>
    <ClInclude Include="common.h" />
    <ClInclude Include="utils\com\initialize.h">
      <Filter>utils\com</Filter>
    </ClInclude>
    <ClInclude Include="utils\mutliTree.h">
      <Filter>utils\mutliTree</Filter>
    </ClInclude>
    <ClInclude Include="core\logic.h">
      <Filter>core</Filter>
    </ClInclude>
    <ClInclude Include="utils\com\audio.h">
      <Filter>utils\com</Filter>
    </ClInclude>
    <ClInclude Include="core\env.h">
      <Filter>core</Filter>
    </ClInclude>
  </ItemGroup>
</Project>